
Microsoft Visual Studio Solution File, Format Version 12.00
# Visual Studio Version 17
VisualStudioVersion = 17.0.31919.166
MinimumVisualStudioVersion = 10.0.40219.1
Project("{9A19103F-16F7-4668-BE54-9A1E7A4F7556}") = "gene-parser", "gene-parser.csproj", "{529E92EC-3209-4CBF-9E70-0AF09A3695FF}"
EndProject
Project("{FAE04EC0-301F-11D3-BF4B-00C04F79EFBC}") = "gene-parser-tests", "..\gene-parser-tests\gene-parser-tests.csproj", "{2090DAEB-0AB1-4E74-86D0-8285EF5B0133}"
EndProject
Global
	GlobalSection(SolutionConfigurationPlatforms) = preSolution
		Debug|Any CPU = Debug|Any CPU
		Release|Any CPU = Release|Any CPU
	EndGlobalSection
	GlobalSection(ProjectConfigurationPlatforms) = postSolution
		{529E92EC-3209-4CBF-9E70-0AF09A3695FF}.Debug|Any CPU.ActiveCfg = Debug|Any CPU
		{529E92EC-3209-4CBF-9E70-0AF09A3695FF}.Debug|Any CPU.Build.0 = Debug|Any CPU
		{529E92EC-3209-4CBF-9E70-0AF09A3695FF}.Release|Any CPU.ActiveCfg = Release|Any CPU
		{529E92EC-3209-4CBF-9E70-0AF09A3695FF}.Release|Any CPU.Build.0 = Release|Any CPU
		{2090DAEB-0AB1-4E74-86D0-8285EF5B0133}.Debug|Any CPU.ActiveCfg = Debug|Any CPU
		{2090DAEB-0AB1-4E74-86D0-8285EF5B0133}.Debug|Any CPU.Build.0 = Debug|Any CPU
		{2090DAEB-0AB1-4E74-86D0-8285EF5B0133}.Release|Any CPU.ActiveCfg = Release|Any CPU
		{2090DAEB-0AB1-4E74-86D0-8285EF5B0133}.Release|Any CPU.Build.0 = Release|Any CPU
	EndGlobalSection
	GlobalSection(SolutionProperties) = preSolution
		HideSolutionNode = FALSE
	EndGlobalSection
	GlobalSection(ExtensibilityGlobals) = postSolution
		SolutionGuid = {EDF50254-AD4E-4C97-8E33-19A30C97C159}
	EndGlobalSection
EndGlobal
